# THIS IS AN AUTOGENERATED FILE. DO NOT EDIT THIS FILE DIRECTLY.
# yarn lockfile v1


dialog-polyfill@^0.5.6:
  version "0.5.6"
  resolved "https://registry.yarnpkg.com/dialog-polyfill/-/dialog-polyfill-0.5.6.tgz#7507b4c745a82fcee0fa07ce64d835979719599a"
  integrity sha512-ZbVDJI9uvxPAKze6z146rmfUZjBqNEwcnFTVamQzXH+svluiV7swmVIGr7miwADgfgt1G2JQIytypM9fbyhX4w==

jquery-colorbox@^1.6.4:
  version "1.6.4"
  resolved "https://registry.yarnpkg.com/jquery-colorbox/-/jquery-colorbox-1.6.4.tgz#799452523a6c494839224ef702e807deb9c06cc5"
  integrity sha512-nC5xs9dSmIZ5n62a9HreGJTUmZJwfZ2DQXDVnHKs3Z2VNg91o8FFGeu7OWcCxYj7QIkrCGoMypaCftrR8YEJsA==
  dependencies:
    jquery ">=1.3.2"

jquery-sortablejs@^1.0.1:
  version "1.0.1"
  resolved "https://registry.yarnpkg.com/jquery-sortablejs/-/jquery-sortablejs-1.0.1.tgz#0435998a802216a0a8cb07ffdda3ebe743c69c37"
  integrity sha512-tKSyPMC+VfepxfFngVDmOJeYEGakzGHYh+/FgqzqHYJa29cN8i6LN0xlCI8Oc0ShTBWqra+zOgQmlydAVaeWkg==

jquery@>=1.3.2:
  version "3.6.1"
  resolved "https://registry.yarnpkg.com/jquery/-/jquery-3.6.1.tgz#fab0408f8b45fc19f956205773b62b292c147a16"
  integrity sha512-opJeO4nCucVnsjiXOE+/PcCgYw9Gwpvs/a6B1LL/lQhwWwpbVEVYDZ1FokFr8PRc7ghYlrFPuyHuiiDNTQxmcw==

sortablejs@^1.15.0:
  version "1.15.0"
  resolved "https://registry.yarnpkg.com/sortablejs/-/sortablejs-1.15.0.tgz#53230b8aa3502bb77a29e2005808ffdb4a5f7e2a"
  integrity sha512-bv9qgVMjUMf89wAvM6AxVvS/4MX3sPeN0+agqShejLU5z5GX4C75ow1O2e5k4L6XItUyAK3gH6AxSbXrOM5e8w==
